// !$*UTF8*$!
{
	archiveVersion = 1;
	classes = {
	};
	objectVersion = 48;
	objects = {

/* Begin PBXBuildFile section */
		0492C2A11FDF87DA00997023 /* AppDelegate.m in Sources */ = {isa = PBXBuildFile; fileRef = 0492C2A01FDF87DA00997023 /* AppDelegate.m */; };
		0492C2A41FDF87DA00997023 /* ViewController.m in Sources */ = {isa = PBXBuildFile; fileRef = 0492C2A31FDF87DA00997023 /* ViewController.m */; };
		0492C2A71FDF87DA00997023 /* Main.storyboard in Resources */ = {isa = PBXBuildFile; fileRef = 0492C2A51FDF87DA00997023 /* Main.storyboard */; };
		0492C2A91FDF87DA00997023 /* Assets.xcassets in Resources */ = {isa = PBXBuildFile; fileRef = 0492C2A81FDF87DA00997023 /* Assets.xcassets */; };
		0492C2AC1FDF87DA00997023 /* LaunchScreen.storyboard in Resources */ = {isa = PBXBuildFile; fileRef = 0492C2AA1FDF87DA00997023 /* LaunchScreen.storyboard */; };
		0492C2AF1FDF87DA00997023 /* main.m in Sources */ = {isa = PBXBuildFile; fileRef = 0492C2AE1FDF87DA00997023 /* main.m */; };
		0492C2B81FDFA9A600997023 /* QQChannelListViewController.m in Sources */ = {isa = PBXBuildFile; fileRef = 0492C2B71FDFA9A600997023 /* QQChannelListViewController.m */; };
		0492C2BB1FDFB5EE00997023 /* QQChannel.m in Sources */ = {isa = PBXBuildFile; fileRef = 0492C2BA1FDFB5EE00997023 /* QQChannel.m */; };
		0492C2C01FDFC3B600997023 /* QQChannelList.xcassets in Resources */ = {isa = PBXBuildFile; fileRef = 0492C2BF1FDFC3B600997023 /* QQChannelList.xcassets */; };
		0492C2C31FDFC72C00997023 /* QQChannelListView.m in Sources */ = {isa = PBXBuildFile; fileRef = 0492C2C21FDFC72C00997023 /* QQChannelListView.m */; };
		04ACD6321FE0D9500028D439 /* QQChannelListViewFlowLayout.m in Sources */ = {isa = PBXBuildFile; fileRef = 04ACD6311FE0D9500028D439 /* QQChannelListViewFlowLayout.m */; };
		04ACD6351FE0F7D50028D439 /* QQChannelListHeaderView.m in Sources */ = {isa = PBXBuildFile; fileRef = 04ACD6341FE0F7D50028D439 /* QQChannelListHeaderView.m */; };
		04ACD6381FE114560028D439 /* QQChannelListCell.m in Sources */ = {isa = PBXBuildFile; fileRef = 04ACD6371FE114560028D439 /* QQChannelListCell.m */; };
		65EFBCF95B6F62EB09536970 /* libPods-QQChannelListViewController.a in Frameworks */ = {isa = PBXBuildFile; fileRef = 13C4E0BE1DB4E76AFD17F839 /* libPods-QQChannelListViewController.a */; };
/* End PBXBuildFile section */

/* Begin PBXFileReference section */
		0492C29C1FDF87DA00997023 /* QQChannelListViewController.app */ = {isa = PBXFileReference; explicitFileType = wrapper.application; includeInIndex = 0; path = QQChannelListViewController.app; sourceTree = BUILT_PRODUCTS_DIR; };
		0492C29F1FDF87DA00997023 /* AppDelegate.h */ = {isa = PBXFileReference; lastKnownFileType = sourcecode.c.h; path = AppDelegate.h; sourceTree = "<group>"; };
		0492C2A01FDF87DA00997023 /* AppDelegate.m */ = {isa = PBXFileReference; lastKnownFileType = sourcecode.c.objc; path = AppDelegate.m; sourceTree = "<group>"; };
		0492C2A21FDF87DA00997023 /* ViewController.h */ = {isa = PBXFileReference; lastKnownFileType = sourcecode.c.h; path = ViewController.h; sourceTree = "<group>"; };
		0492C2A31FDF87DA00997023 /* ViewController.m */ = {isa = PBXFileReference; lastKnownFileType = sourcecode.c.objc; path = ViewController.m; sourceTree = "<group>"; };
		0492C2A61FDF87DA00997023 /* Base */ = {isa = PBXFileReference; lastKnownFileType = file.storyboard; name = Base; path = Base.lproj/Main.storyboard; sourceTree = "<group>"; };
		0492C2A81FDF87DA00997023 /* Assets.xcassets */ = {isa = PBXFileReference; lastKnownFileType = folder.assetcatalog; path = Assets.xcassets; sourceTree = "<group>"; };
		0492C2AB1FDF87DA00997023 /* Base */ = {isa = PBXFileReference; lastKnownFileType = file.storyboard; name = Base; path = Base.lproj/LaunchScreen.storyboard; sourceTree = "<group>"; };
		0492C2AD1FDF87DA00997023 /* Info.plist */ = {isa = PBXFileReference; lastKnownFileType = text.plist.xml; path = Info.plist; sourceTree = "<group>"; };
		0492C2AE1FDF87DA00997023 /* main.m */ = {isa = PBXFileReference; lastKnownFileType = sourcecode.c.objc; path = main.m; sourceTree = "<group>"; };
		0492C2B61FDFA9A600997023 /* QQChannelListViewController.h */ = {isa = PBXFileReference; lastKnownFileType = sourcecode.c.h; path = QQChannelListViewController.h; sourceTree = "<group>"; };
		0492C2B71FDFA9A600997023 /* QQChannelListViewController.m */ = {isa = PBXFileReference; lastKnownFileType = sourcecode.c.objc; path = QQChannelListViewController.m; sourceTree = "<group>"; };
		0492C2B91FDFB5EE00997023 /* QQChannel.h */ = {isa = PBXFileReference; lastKnownFileType = sourcecode.c.h; path = QQChannel.h; sourceTree = "<group>"; };
		0492C2BA1FDFB5EE00997023 /* QQChannel.m */ = {isa = PBXFileReference; lastKnownFileType = sourcecode.c.objc; path = QQChannel.m; sourceTree = "<group>"; };
		0492C2BF1FDFC3B600997023 /* QQChannelList.xcassets */ = {isa = PBXFileReference; lastKnownFileType = folder.assetcatalog; path = QQChannelList.xcassets; sourceTree = "<group>"; };
		0492C2C11FDFC72C00997023 /* QQChannelListView.h */ = {isa = PBXFileReference; lastKnownFileType = sourcecode.c.h; path = QQChannelListView.h; sourceTree = "<group>"; };
		0492C2C21FDFC72C00997023 /* QQChannelListView.m */ = {isa = PBXFileReference; lastKnownFileType = sourcecode.c.objc; path = QQChannelListView.m; sourceTree = "<group>"; };
		04ACD6301FE0D9500028D439 /* QQChannelListViewFlowLayout.h */ = {isa = PBXFileReference; lastKnownFileType = sourcecode.c.h; path = QQChannelListViewFlowLayout.h; sourceTree = "<group>"; };
		04ACD6311FE0D9500028D439 /* QQChannelListViewFlowLayout.m */ = {isa = PBXFileReference; lastKnownFileType = sourcecode.c.objc; path = QQChannelListViewFlowLayout.m; sourceTree = "<group>"; };
		04ACD6331FE0F7D50028D439 /* QQChannelListHeaderView.h */ = {isa = PBXFileReference; lastKnownFileType = sourcecode.c.h; path = QQChannelListHeaderView.h; sourceTree = "<group>"; };
		04ACD6341FE0F7D50028D439 /* QQChannelListHeaderView.m */ = {isa = PBXFileReference; lastKnownFileType = sourcecode.c.objc; path = QQChannelListHeaderView.m; sourceTree = "<group>"; };
		04ACD6361FE114560028D439 /* QQChannelListCell.h */ = {isa = PBXFileReference; lastKnownFileType = sourcecode.c.h; path = QQChannelListCell.h; sourceTree = "<group>"; };
		04ACD6371FE114560028D439 /* QQChannelListCell.m */ = {isa = PBXFileReference; lastKnownFileType = sourcecode.c.objc; path = QQChannelListCell.m; sourceTree = "<group>"; };
		13C4E0BE1DB4E76AFD17F839 /* libPods-QQChannelListViewController.a */ = {isa = PBXFileReference; explicitFileType = archive.ar; includeInIndex = 0; path = "libPods-QQChannelListViewController.a"; sourceTree = BUILT_PRODUCTS_DIR; };
		DEE4CB7163A082F1CBB3506B /* Pods-QQChannelListViewController.debug.xcconfig */ = {isa = PBXFileReference; includeInIndex = 1; lastKnownFileType = text.xcconfig; name = "Pods-QQChannelListViewController.debug.xcconfig"; path = "Pods/Target Support Files/Pods-QQChannelListViewController/Pods-QQChannelListViewController.debug.xcconfig"; sourceTree = "<group>"; };
		E0A4644F581E81BBD3BDBEFD /* Pods-QQChannelListViewController.release.xcconfig */ = {isa = PBXFileReference; includeInIndex = 1; lastKnownFileType = text.xcconfig; name = "Pods-QQChannelListViewController.release.xcconfig"; path = "Pods/Target Support Files/Pods-QQChannelListViewController/Pods-QQChannelListViewController.release.xcconfig"; sourceTree = "<group>"; };
/* End PBXFileReference section */

/* Begin PBXFrameworksBuildPhase section */
		0492C2991FDF87DA00997023 /* Frameworks */ = {
			isa = PBXFrameworksBuildPhase;
			buildActionMask = 2147483647;
			files = (
				65EFBCF95B6F62EB09536970 /* libPods-QQChannelListViewController.a in Frameworks */,
			);
			runOnlyForDeploymentPostprocessing = 0;
		};
/* End PBXFrameworksBuildPhase section */

/* Begin PBXGroup section */
		0492C2931FDF87DA00997023 = {
			isa = PBXGroup;
			children = (
				0492C29E1FDF87DA00997023 /* QQChannelListViewController */,
				0492C29D1FDF87DA00997023 /* Products */,
				44904E2912BF4B6DF1598CD9 /* Pods */,
				F4C8FC8F93ED096FAC11BF41 /* Frameworks */,
			);
			sourceTree = "<group>";
		};
		0492C29D1FDF87DA00997023 /* Products */ = {
			isa = PBXGroup;
			children = (
				0492C29C1FDF87DA00997023 /* QQChannelListViewController.app */,
			);
			name = Products;
			sourceTree = "<group>";
		};
		0492C29E1FDF87DA00997023 /* QQChannelListViewController */ = {
			isa = PBXGroup;
			children = (
				0492C29F1FDF87DA00997023 /* AppDelegate.h */,
				0492C2A01FDF87DA00997023 /* AppDelegate.m */,
				0492C2A21FDF87DA00997023 /* ViewController.h */,
				0492C2A31FDF87DA00997023 /* ViewController.m */,
				0492C2B51FDFA98800997023 /* QQChannelList */,
				0492C2A51FDF87DA00997023 /* Main.storyboard */,
				0492C2A81FDF87DA00997023 /* Assets.xcassets */,
				0492C2AA1FDF87DA00997023 /* LaunchScreen.storyboard */,
				0492C2AD1FDF87DA00997023 /* Info.plist */,
				0492C2AE1FDF87DA00997023 /* main.m */,
			);
			path = QQChannelListViewController;
			sourceTree = "<group>";
		};
		0492C2B51FDFA98800997023 /* QQChannelList */ = {
			isa = PBXGroup;
			children = (
				0492C2C11FDFC72C00997023 /* QQChannelListView.h */,
				0492C2C21FDFC72C00997023 /* QQChannelListView.m */,
				04ACD6301FE0D9500028D439 /* QQChannelListViewFlowLayout.h */,
				04ACD6311FE0D9500028D439 /* QQChannelListViewFlowLayout.m */,
				04ACD6361FE114560028D439 /* QQChannelListCell.h */,
				04ACD6371FE114560028D439 /* QQChannelListCell.m */,
				04ACD6331FE0F7D50028D439 /* QQChannelListHeaderView.h */,
				04ACD6341FE0F7D50028D439 /* QQChannelListHeaderView.m */,
				0492C2BF1FDFC3B600997023 /* QQChannelList.xcassets */,
				0492C2B61FDFA9A600997023 /* QQChannelListViewController.h */,
				0492C2B71FDFA9A600997023 /* QQChannelListViewController.m */,
				0492C2B91FDFB5EE00997023 /* QQChannel.h */,
				0492C2BA1FDFB5EE00997023 /* QQChannel.m */,
			);
			path = QQChannelList;
			sourceTree = "<group>";
		};
		44904E2912BF4B6DF1598CD9 /* Pods */ = {
			isa = PBXGroup;
			children = (
				DEE4CB7163A082F1CBB3506B /* Pods-QQChannelListViewController.debug.xcconfig */,
				E0A4644F581E81BBD3BDBEFD /* Pods-QQChannelListViewController.release.xcconfig */,
			);
			name = Pods;
			sourceTree = "<group>";
		};
		F4C8FC8F93ED096FAC11BF41 /* Frameworks */ = {
			isa = PBXGroup;
			children = (
				13C4E0BE1DB4E76AFD17F839 /* libPods-QQChannelListViewController.a */,
			);
			name = Frameworks;
			sourceTree = "<group>";
		};
/* End PBXGroup section */

/* Begin PBXNativeTarget section */
		0492C29B1FDF87DA00997023 /* QQChannelListViewController */ = {
			isa = PBXNativeTarget;
			buildConfigurationList = 0492C2B21FDF87DA00997023 /* Build configuration list for PBXNativeTarget "QQChannelListViewController" */;
			buildPhases = (
				FF51708C835DA14F5041F014 /* [CP] Check Pods Manifest.lock */,
				0492C2981FDF87DA00997023 /* Sources */,
				0492C2991FDF87DA00997023 /* Frameworks */,
				0492C29A1FDF87DA00997023 /* Resources */,
				6235339DC47A45E0197C82EF /* [CP] Embed Pods Frameworks */,
				4C7002047E25A9BD0505AFA6 /* [CP] Copy Pods Resources */,
			);
			buildRules = (
			);
			dependencies = (
			);
			name = QQChannelListViewController;
			productName = QQChannelListViewController;
			productReference = 0492C29C1FDF87DA00997023 /* QQChannelListViewController.app */;
			productType = "com.apple.product-type.application";
		};
/* End PBXNativeTarget section */

/* Begin PBXProject section */
		0492C2941FDF87DA00997023 /* Project object */ = {
			isa = PBXProject;
			attributes = {
				CLASSPREFIX = QQ;
				LastUpgradeCheck = 0920;
				ORGANIZATIONNAME = Mac;
				TargetAttributes = {
					0492C29B1FDF87DA00997023 = {
						CreatedOnToolsVersion = 9.2;
						ProvisioningStyle = Automatic;
					};
				};
			};
			buildConfigurationList = 0492C2971FDF87DA00997023 /* Build configuration list for PBXProject "QQChannelListViewController" */;
			compatibilityVersion = "Xcode 8.0";
			developmentRegion = en;
			hasScannedForEncodings = 0;
			knownRegions = (
				en,
				Base,
			);
			mainGroup = 0492C2931FDF87DA00997023;
			productRefGroup = 0492C29D1FDF87DA00997023 /* Products */;
			projectDirPath = "";
			projectRoot = "";
			targets = (
				0492C29B1FDF87DA00997023 /* QQChannelListViewController */,
			);
		};
/* End PBXProject section */

/* Begin PBXResourcesBuildPhase section */
		0492C29A1FDF87DA00997023 /* Resources */ = {
			isa = PBXResourcesBuildPhase;
			buildActionMask = 2147483647;
			files = (
				0492C2AC1FDF87DA00997023 /* LaunchScreen.storyboard in Resources */,
				0492C2C01FDFC3B600997023 /* QQChannelList.xcassets in Resources */,
				0492C2A91FDF87DA00997023 /* Assets.xcassets in Resources */,
				0492C2A71FDF87DA00997023 /* Main.storyboard in Resources */,
			);
			runOnlyForDeploymentPostprocessing = 0;
		};
/* End PBXResourcesBuildPhase section */

/* Begin PBXShellScriptBuildPhase section */
		4C7002047E25A9BD0505AFA6 /* [CP] Copy Pods Resources */ = {
			isa = PBXShellScriptBuildPhase;
			buildActionMask = 2147483647;
			files = (
			);
			inputPaths = (
			);
			name = "[CP] Copy Pods Resources";
			outputPaths = (
			);
			runOnlyForDeploymentPostprocessing = 0;
			shellPath = /bin/sh;
			shellScript = "\"${SRCROOT}/Pods/Target Support Files/Pods-QQChannelListViewController/Pods-QQChannelListViewController-resources.sh\"\n";
			showEnvVarsInLog = 0;
		};
		6235339DC47A45E0197C82EF /* [CP] Embed Pods Frameworks */ = {
			isa = PBXShellScriptBuildPhase;
			buildActionMask = 2147483647;
			files = (
			);
			inputPaths = (
			);
			name = "[CP] Embed Pods Frameworks";
			outputPaths = (
			);
			runOnlyForDeploymentPostprocessing = 0;
			shellPath = /bin/sh;
			shellScript = "\"${SRCROOT}/Pods/Target Support Files/Pods-QQChannelListViewController/Pods-QQChannelListViewController-frameworks.sh\"\n";
			showEnvVarsInLog = 0;
		};
		FF51708C835DA14F5041F014 /* [CP] Check Pods Manifest.lock */ = {
			isa = PBXShellScriptBuildPhase;
			buildActionMask = 2147483647;
			files = (
			);
			inputPaths = (
				"${PODS_PODFILE_DIR_PATH}/Podfile.lock",
				"${PODS_ROOT}/Manifest.lock",
			);
			name = "[CP] Check Pods Manifest.lock";
			outputPaths = (
				"$(DERIVED_FILE_DIR)/Pods-QQChannelListViewController-checkManifestLockResult.txt",
			);
			runOnlyForDeploymentPostprocessing = 0;
			shellPath = /bin/sh;
			shellScript = "diff \"${PODS_PODFILE_DIR_PATH}/Podfile.lock\" \"${PODS_ROOT}/Manifest.lock\" > /dev/null\nif [ $? != 0 ] ; then\n    # print error to STDERR\n    echo \"error: The sandbox is not in sync with the Podfile.lock. Run 'pod install' or update your CocoaPods installation.\" >&2\n    exit 1\nfi\n# This output is used by Xcode 'outputs' to avoid re-running this script phase.\necho \"SUCCESS\" > \"${SCRIPT_OUTPUT_FILE_0}\"\n";
			showEnvVarsInLog = 0;
		};
/* End PBXShellScriptBuildPhase section */

/* Begin PBXSourcesBuildPhase section */
		0492C2981FDF87DA00997023 /* Sources */ = {
			isa = PBXSourcesBuildPhase;
			buildActionMask = 2147483647;
			files = (
				0492C2C31FDFC72C00997023 /* QQChannelListView.m in Sources */,
				0492C2BB1FDFB5EE00997023 /* QQChannel.m in Sources */,
				04ACD6321FE0D9500028D439 /* QQChannelListViewFlowLayout.m in Sources */,
				0492C2A41FDF87DA00997023 /* ViewController.m in Sources */,
				0492C2AF1FDF87DA00997023 /* main.m in Sources */,
				0492C2B81FDFA9A600997023 /* QQChannelListViewController.m in Sources */,
				0492C2A11FDF87DA00997023 /* AppDelegate.m in Sources */,
				04ACD6381FE114560028D439 /* QQChannelListCell.m in Sources */,
				04ACD6351FE0F7D50028D439 /* QQChannelListHeaderView.m in Sources */,
			);
			runOnlyForDeploymentPostprocessing = 0;
		};
/* End PBXSourcesBuildPhase section */

/* Begin PBXVariantGroup section */
		0492C2A51FDF87DA00997023 /* Main.storyboard */ = {
			isa = PBXVariantGroup;
			children = (
				0492C2A61FDF87DA00997023 /* Base */,
			);
			name = Main.storyboard;
			sourceTree = "<group>";
		};
		0492C2AA1FDF87DA00997023 /* LaunchScreen.storyboard */ = {
			isa = PBXVariantGroup;
			children = (
				0492C2AB1FDF87DA00997023 /* Base */,
			);
			name = LaunchScreen.storyboard;
			sourceTree = "<group>";
		};
/* End PBXVariantGroup section */

/* Begin XCBuildConfiguration section */
		0492C2B01FDF87DA00997023 /* Debug */ = {
			isa = XCBuildConfiguration;
			buildSettings = {
				ALWAYS_SEARCH_USER_PATHS = NO;
				CLANG_ANALYZER_NONNULL = YES;
				CLANG_ANALYZER_NUMBER_OBJECT_CONVERSION = YES_AGGRESSIVE;
				CLANG_CXX_LANGUAGE_STANDARD = "gnu++14";
				CLANG_CXX_LIBRARY = "libc++";
				CLANG_ENABLE_MODULES = YES;
				CLANG_ENABLE_OBJC_ARC = YES;
				CLANG_WARN_BLOCK_CAPTURE_AUTORELEASING = YES;
				CLANG_WARN_BOOL_CONVERSION = YES;
				CLANG_WARN_COMMA = YES;
				CLANG_WARN_CONSTANT_CONVERSION = YES;
				CLANG_WARN_DIRECT_OBJC_ISA_USAGE = YES_ERROR;
				CLANG_WARN_DOCUMENTATION_COMMENTS = YES;
				CLANG_WARN_EMPTY_BODY = YES;
				CLANG_WARN_ENUM_CONVERSION = YES;
				CLANG_WARN_INFINITE_RECURSION = YES;
				CLANG_WARN_INT_CONVERSION = YES;
				CLANG_WARN_NON_LITERAL_NULL_CONVERSION = YES;
				CLANG_WARN_OBJC_LITERAL_CONVERSION = YES;
				CLANG_WARN_OBJC_ROOT_CLASS = YES_ERROR;
				CLANG_WARN_RANGE_LOOP_ANALYSIS = YES;
				CLANG_WARN_STRICT_PROTOTYPES = YES;
				CLANG_WARN_SUSPICIOUS_MOVE = YES;
				CLANG_WARN_UNGUARDED_AVAILABILITY = YES_AGGRESSIVE;
				CLANG_WARN_UNREACHABLE_CODE = YES;
				CLANG_WARN__DUPLICATE_METHOD_MATCH = YES;
				CODE_SIGN_IDENTITY = "iPhone Developer";
				COPY_PHASE_STRIP = NO;
				DEBUG_INFORMATION_FORMAT = dwarf;
				ENABLE_STRICT_OBJC_MSGSEND = YES;
				ENABLE_TESTABILITY = YES;
				GCC_C_LANGUAGE_STANDARD = gnu11;
				GCC_DYNAMIC_NO_PIC = NO;
				GCC_NO_COMMON_BLOCKS = YES;
				GCC_OPTIMIZATION_LEVEL = 0;
				GCC_PREPROCESSOR_DEFINITIONS = (
					"DEBUG=1",
					"$(inherited)",
				);
				GCC_WARN_64_TO_32_BIT_CONVERSION = YES;
				GCC_WARN_ABOUT_RETURN_TYPE = YES_ERROR;
				GCC_WARN_UNDECLARED_SELECTOR = YES;
				GCC_WARN_UNINITIALIZED_AUTOS = YES_AGGRESSIVE;
				GCC_WARN_UNUSED_FUNCTION = YES;
				GCC_WARN_UNUSED_VARIABLE = YES;
				IPHONEOS_DEPLOYMENT_TARGET = 11.2;
				MTL_ENABLE_DEBUG_INFO = YES;
				ONLY_ACTIVE_ARCH = YES;
				SDKROOT = iphoneos;
			};
			name = Debug;
		};
		0492C2B11FDF87DA00997023 /* Release */ = {
			isa = XCBuildConfiguration;
			buildSettings = {
				ALWAYS_SEARCH_USER_PATHS = NO;
				CLANG_ANALYZER_NONNULL = YES;
				CLANG_ANALYZER_NUMBER_OBJECT_CONVERSION = YES_AGGRESSIVE;
				CLANG_CXX_LANGUAGE_STANDARD = "gnu++14";
				CLANG_CXX_LIBRARY = "libc++";
				CLANG_ENABLE_MODULES = YES;
				CLANG_ENABLE_OBJC_ARC = YES;
				CLANG_WARN_BLOCK_CAPTURE_AUTORELEASING = YES;
				CLANG_WARN_BOOL_CONVERSION = YES;
				CLANG_WARN_COMMA = YES;
				CLANG_WARN_CONSTANT_CONVERSION = YES;
				CLANG_WARN_DIRECT_OBJC_ISA_USAGE = YES_ERROR;
				CLANG_WARN_DOCUMENTATION_COMMENTS = YES;
				CLANG_WARN_EMPTY_BODY = YES;
				CLANG_WARN_ENUM_CONVERSION = YES;
				CLANG_WARN_INFINITE_RECURSION = YES;
				CLANG_WARN_INT_CONVERSION = YES;
				CLANG_WARN_NON_LITERAL_NULL_CONVERSION = YES;
				CLANG_WARN_OBJC_LITERAL_CONVERSION = YES;
				CLANG_WARN_OBJC_ROOT_CLASS = YES_ERROR;
				CLANG_WARN_RANGE_LOOP_ANALYSIS = YES;
				CLANG_WARN_STRICT_PROTOTYPES = YES;
				CLANG_WARN_SUSPICIOUS_MOVE = YES;
				CLANG_WARN_UNGUARDED_AVAILABILITY = YES_AGGRESSIVE;
				CLANG_WARN_UNREACHABLE_CODE = YES;
				CLANG_WARN__DUPLICATE_METHOD_MATCH = YES;
				CODE_SIGN_IDENTITY = "iPhone Developer";
				COPY_PHASE_STRIP = NO;
				DEBUG_INFORMATION_FORMAT = "dwarf-with-dsym";
				ENABLE_NS_ASSERTIONS = NO;
				ENABLE_STRICT_OBJC_MSGSEND = YES;
				GCC_C_LANGUAGE_STANDARD = gnu11;
				GCC_NO_COMMON_BLOCKS = YES;
				GCC_WARN_64_TO_32_BIT_CONVERSION = YES;
				GCC_WARN_ABOUT_RETURN_TYPE = YES_ERROR;
				GCC_WARN_UNDECLARED_SELECTOR = YES;
				GCC_WARN_UNINITIALIZED_AUTOS = YES_AGGRESSIVE;
				GCC_WARN_UNUSED_FUNCTION = YES;
				GCC_WARN_UNUSED_VARIABLE = YES;
				IPHONEOS_DEPLOYMENT_TARGET = 11.2;
				MTL_ENABLE_DEBUG_INFO = NO;
				SDKROOT = iphoneos;
				VALIDATE_PRODUCT = YES;
			};
			name = Release;
		};
		0492C2B31FDF87DA00997023 /* Debug */ = {
			isa = XCBuildConfiguration;
			baseConfigurationReference = DEE4CB7163A082F1CBB3506B /* Pods-QQChannelListViewController.debug.xcconfig */;
			buildSettings = {
				ASSETCATALOG_COMPILER_APPICON_NAME = AppIcon;
				CODE_SIGN_STYLE = Automatic;
				DEVELOPMENT_TEAM = GC4GVLG96H;
				INFOPLIST_FILE = QQChannelListViewController/Info.plist;
				LD_RUNPATH_SEARCH_PATHS = "$(inherited) @executable_path/Frameworks";
				PRODUCT_BUNDLE_IDENTIFIER = com.ymbenzhi.QQChannelListViewController;
				PRODUCT_NAME = "$(TARGET_NAME)";
				TARGETED_DEVICE_FAMILY = "1,2";
			};
			name = Debug;
		};
		0492C2B41FDF87DA00997023 /* Release */ = {
			isa = XCBuildConfiguration;
			baseConfigurationReference = E0A4644F581E81BBD3BDBEFD /* Pods-QQChannelListViewController.release.xcconfig */;
			buildSettings = {
				ASSETCATALOG_COMPILER_APPICON_NAME = AppIcon;
				CODE_SIGN_STYLE = Automatic;
				DEVELOPMENT_TEAM = GC4GVLG96H;
				INFOPLIST_FILE = QQChannelListViewController/Info.plist;
				LD_RUNPATH_SEARCH_PATHS = "$(inherited) @executable_path/Frameworks";
				PRODUCT_BUNDLE_IDENTIFIER = com.ymbenzhi.QQChannelListViewController;
				PRODUCT_NAME = "$(TARGET_NAME)";
				TARGETED_DEVICE_FAMILY = "1,2";
			};
			name = Release;
		};
/* End XCBuildConfiguration section */

/* Begin XCConfigurationList section */
		0492C2971FDF87DA00997023 /* Build configuration list for PBXProject "QQChannelListViewController" */ = {
			isa = XCConfigurationList;
			buildConfigurations = (
				0492C2B01FDF87DA00997023 /* Debug */,
				0492C2B11FDF87DA00997023 /* Release */,
			);
			defaultConfigurationIsVisible = 0;
			defaultConfigurationName = Release;
		};
		0492C2B21FDF87DA00997023 /* Build configuration list for PBXNativeTarget "QQChannelListViewController" */ = {
			isa = XCConfigurationList;
			buildConfigurations = (
				0492C2B31FDF87DA00997023 /* Debug */,
				0492C2B41FDF87DA00997023 /* Release */,
			);
			defaultConfigurationIsVisible = 0;
			defaultConfigurationName = Release;
		};
/* End XCConfigurationList section */
	};
	rootObject = 0492C2941FDF87DA00997023 /* Project object */;
}
